<?xml version="1.0" encoding="utf-8"?>
<Project ToolsVersion="4.0" xmlns="http://schemas.microsoft.com/developer/msbuild/2003">
  <ItemGroup>
    <Filter Include="Quelldateien">
      <UniqueIdentifier>{14add8b8-ac9a-4c45-80ab-1bb7363dc6de}</UniqueIdentifier>
      <Extensions>cpp;c;cxx;rc;def;r;odl;hpj;bat;for;f90</Extensions>
    </Filter>
  </ItemGroup>
  <ItemGroup>
    <ClCompile Include="e_atan2.c">
      <Filter>Quelldateien</Filter>
    </ClCompile>
    <ClCompile Include="e_pow.c">
      <Filter>Quelldateien</Filter>
    </ClCompile>
    <ClCompile Include="e_sqrt.c">
      <Filter>Quelldateien</Filter>
    </ClCompile>
    <ClCompile Include="k_standard.c">
      <Filter>Quelldateien</Filter>
    </ClCompile>
    <ClCompile Include="s_atan.c">
      <Filter>Quelldateien</Filter>
    </ClCompile>
    <ClCompile Include="s_copysign.c">
      <Filter>Quelldateien</Filter>
    </ClCompile>
    <ClCompile Include="s_fabs.c">
      <Filter>Quelldateien</Filter>
    </ClCompile>
    <ClCompile Include="s_finite.c">
      <Filter>Quelldateien</Filter>
    </ClCompile>
    <ClCompile Include="s_isnan.c">
      <Filter>Quelldateien</Filter>
    </ClCompile>
    <ClCompile Include="s_matherr.c">
      <Filter>Quelldateien</Filter>
    </ClCompile>
    <ClCompile Include="s_rint.c">
      <Filter>Quelldateien</Filter>
    </ClCompile>
    <ClCompile Include="s_scalbn.c">
      <Filter>Quelldateien</Filter>
    </ClCompile>
    <ClCompile Include="w_atan2.c">
      <Filter>Quelldateien</Filter>
    </ClCompile>
    <ClCompile Include="w_pow.c">
      <Filter>Quelldateien</Filter>
    </ClCompile>
    <ClCompile Include="w_sqrt.c">
      <Filter>Quelldateien</Filter>
    </ClCompile>
  </ItemGroup>
</Project>