<?xml version="1.0" encoding="UTF-8"?>
<Project xmlns="http://schemas.microsoft.com/developer/msbuild/2003" ToolsVersion="4.0">
  <ItemGroup>
    <Filter Include="Quelldateien">
      <UniqueIdentifier>{4FC737F1-C7A5-4376-A066-2A32D752A2FF}</UniqueIdentifier>
      <Extensions>cpp;c;cc;cxx;def;odl;idl;hpj;bat;asm;asmx</Extensions>
    </Filter>
    <Filter Include="Quelldateien\Generated C++/Java-Proxies">
      <UniqueIdentifier>{2b85850e-6353-45f8-91c1-d90582abf8c6}</UniqueIdentifier>
    </Filter>
    <Filter Include="Headerdateien">
      <UniqueIdentifier>{93995380-89BD-4b04-88EB-625FBE52EBFB}</UniqueIdentifier>
      <Extensions>h;hpp;hxx;hm;inl;inc;xsd</Extensions>
    </Filter>
    <Filter Include="Ressourcendateien">
      <UniqueIdentifier>{67DA6AB6-F800-4c08-8B7A-83BB121AAD01}</UniqueIdentifier>
      <Extensions>rc;ico;cur;bmp;dlg;rc2;rct;bin;rgs;gif;jpg;jpeg;jpe;resx;tiff;tif;png;wav</Extensions>
    </Filter>
  </ItemGroup>
  <ItemGroup>
    <ClCompile Include="_precompiled.cxx">
      <Filter>Quelldateien</Filter>
    </ClCompile>
    
    
    
    
    
    
    
    
    
    
    
    
    
    
    
    
    
    
    
    
    
    
    
    <ClCompile Include="java__lang__Object.cxx">
      <Filter>Quelldateien\Generated C++/Java-Proxies</Filter>
    </ClCompile>
    <ClCompile Include="java__lang__String.cxx">
      <Filter>Quelldateien\Generated C++/Java-Proxies</Filter>
    </ClCompile>
    <ClCompile Include="java__util__AbstractCollection.cxx">
      <Filter>Quelldateien\Generated C++/Java-Proxies</Filter>
    </ClCompile>
    <ClCompile Include="java__util__AbstractList.cxx">
      <Filter>Quelldateien\Generated C++/Java-Proxies</Filter>
    </ClCompile>
    <ClCompile Include="java__util__ArrayList.cxx">
      <Filter>Quelldateien\Generated C++/Java-Proxies</Filter>
    </ClCompile>
  <ClCompile Include="com__sos__scheduler__engine__cplusplus__runtime__Sister.cxx"><Filter>Quelldateien\Generated C++/Java-Proxies</Filter></ClCompile><ClCompile Include="com__sos__scheduler__engine__kernel__Scheduler.cxx"><Filter>Quelldateien\Generated C++/Java-Proxies</Filter></ClCompile><ClCompile Include="com__sos__scheduler__engine__kernel__cppproxy__JobC.cxx"><Filter>Quelldateien\Generated C++/Java-Proxies</Filter></ClCompile><ClCompile Include="com__sos__scheduler__engine__kernel__cppproxy__Job_chainC.cxx"><Filter>Quelldateien\Generated C++/Java-Proxies</Filter></ClCompile><ClCompile Include="com__sos__scheduler__engine__kernel__cppproxy__Job_subsystemC.cxx"><Filter>Quelldateien\Generated C++/Java-Proxies</Filter></ClCompile><ClCompile Include="com__sos__scheduler__engine__kernel__cppproxy__NodeC.cxx"><Filter>Quelldateien\Generated C++/Java-Proxies</Filter></ClCompile><ClCompile Include="com__sos__scheduler__engine__kernel__cppproxy__OrderC.cxx"><Filter>Quelldateien\Generated C++/Java-Proxies</Filter></ClCompile><ClCompile Include="com__sos__scheduler__engine__kernel__cppproxy__Order_queueC.cxx"><Filter>Quelldateien\Generated C++/Java-Proxies</Filter></ClCompile><ClCompile Include="com__sos__scheduler__engine__kernel__cppproxy__Order_queue_nodeC.cxx"><Filter>Quelldateien\Generated C++/Java-Proxies</Filter></ClCompile><ClCompile Include="com__sos__scheduler__engine__kernel__cppproxy__Order_subsystemC.cxx"><Filter>Quelldateien\Generated C++/Java-Proxies</Filter></ClCompile><ClCompile Include="com__sos__scheduler__engine__kernel__cppproxy__Prefix_logC.cxx"><Filter>Quelldateien\Generated C++/Java-Proxies</Filter></ClCompile><ClCompile Include="com__sos__scheduler__engine__kernel__cppproxy__SpoolerC.cxx"><Filter>Quelldateien\Generated C++/Java-Proxies</Filter></ClCompile><ClCompile Include="com__sos__scheduler__engine__kernel__event__EventSubsystem.cxx"><Filter>Quelldateien\Generated C++/Java-Proxies</Filter></ClCompile><ClCompile Include="com__sos__scheduler__engine__kernel__folder__FileBased.cxx"><Filter>Quelldateien\Generated C++/Java-Proxies</Filter></ClCompile><ClCompile Include="com__sos__scheduler__engine__kernel__job__Job.cxx"><Filter>Quelldateien\Generated C++/Java-Proxies</Filter></ClCompile><ClCompile Include="com__sos__scheduler__engine__kernel__log__ErrorLogEvent.cxx"><Filter>Quelldateien\Generated C++/Java-Proxies</Filter></ClCompile><ClCompile Include="com__sos__scheduler__engine__kernel__log__LogEvent.cxx"><Filter>Quelldateien\Generated C++/Java-Proxies</Filter></ClCompile><ClCompile Include="com__sos__scheduler__engine__kernel__order__OrderState.cxx"><Filter>Quelldateien\Generated C++/Java-Proxies</Filter></ClCompile><ClCompile Include="com__sos__scheduler__engine__kernel__order__OrderTouchedEvent.cxx"><Filter>Quelldateien\Generated C++/Java-Proxies</Filter></ClCompile><ClCompile Include="com__sos__scheduler__engine__kernel__scripting__APIModuleInstance.cxx"><Filter>Quelldateien\Generated C++/Java-Proxies</Filter></ClCompile><ClCompile Include="com__sos__scheduler__engine__kernel__util__StringValue.cxx"><Filter>Quelldateien\Generated C++/Java-Proxies</Filter></ClCompile><ClCompile Include="com__sos__scheduler__engine__kernel__log__PrefixLog.cxx"><Filter>Quelldateien\Generated C++/Java-Proxies</Filter></ClCompile><ClCompile Include="com__sos__scheduler__engine__kernel__scripting__ScriptInstance.cxx"><Filter>Quelldateien\Generated C++/Java-Proxies</Filter></ClCompile><ClCompile Include="com__sos__scheduler__engine__kernel__order__OrderStateChangedEvent.cxx"><Filter>Quelldateien\Generated C++/Java-Proxies</Filter></ClCompile><ClCompile Include="com__sos__scheduler__engine__kernel__cppproxy__Variable_setC.cxx"><Filter>Quelldateien\Generated C++/Java-Proxies</Filter></ClCompile><ClCompile Include="com__sos__scheduler__engine__kernel__cppproxy__DatabaseC.cxx"><Filter>Quelldateien\Generated C++/Java-Proxies</Filter></ClCompile><ClCompile Include="com__sos__scheduler__engine__kernel__database__DatabaseSubsystem.cxx"><Filter>Quelldateien\Generated C++/Java-Proxies</Filter></ClCompile><ClCompile Include="com__sos__scheduler__engine__kernel__order__OrderEvent.cxx"><Filter>Quelldateien\Generated C++/Java-Proxies</Filter></ClCompile><ClCompile Include="com__sos__scheduler__engine__kernel__order__UnmodifiableOrder.cxx"><Filter>Quelldateien\Generated C++/Java-Proxies</Filter></ClCompile><ClCompile Include="com__sos__scheduler__engine__kernel__order__OrderStepEndedEvent.cxx"><Filter>Quelldateien\Generated C++/Java-Proxies</Filter></ClCompile><ClCompile Include="com__sos__scheduler__engine__kernel__order__OrderStepStartedEvent.cxx"><Filter>Quelldateien\Generated C++/Java-Proxies</Filter></ClCompile><ClCompile Include="com__sos__scheduler__engine__kernel__order__Order.cxx"><Filter>Quelldateien\Generated C++/Java-Proxies</Filter></ClCompile><ClCompile Include="com__sos__scheduler__engine__kernel__cppproxy__Folder_subsystemC.cxx"><Filter>Quelldateien\Generated C++/Java-Proxies</Filter></ClCompile><ClCompile Include="com__sos__scheduler__engine__kernel__cppproxy__Job_nodeC.cxx"><Filter>Quelldateien\Generated C++/Java-Proxies</Filter></ClCompile><ClCompile Include="com__sos__scheduler__engine__kernel__cppproxy__SettingsC.cxx"><Filter>Quelldateien\Generated C++/Java-Proxies</Filter></ClCompile><ClCompile Include="com__sos__scheduler__engine__kernel__cppproxy__TaskC.cxx"><Filter>Quelldateien\Generated C++/Java-Proxies</Filter></ClCompile><ClCompile Include="com__sos__scheduler__engine__kernel__job__UnmodifiableTask.cxx"><Filter>Quelldateien\Generated C++/Java-Proxies</Filter></ClCompile><ClCompile Include="com__sos__scheduler__engine__eventbus__AbstractEvent.cxx"><Filter>Quelldateien\Generated C++/Java-Proxies</Filter></ClCompile><ClCompile Include="com__sos__scheduler__engine__kernel__scheduler__AbstractHasPlatform.cxx"><Filter>Quelldateien\Generated C++/Java-Proxies</Filter></ClCompile><ClCompile Include="com__sos__scheduler__engine__kernel__scheduler__Platform.cxx"><Filter>Quelldateien\Generated C++/Java-Proxies</Filter></ClCompile><ClCompile Include="com__sos__scheduler__engine__main__SchedulerControllerBridge.cxx"><Filter>Quelldateien\Generated C++/Java-Proxies</Filter></ClCompile><ClCompile Include="com__sos__scheduler__engine__kernel__variable__VariableSet.cxx"><Filter>Quelldateien\Generated C++/Java-Proxies</Filter></ClCompile><ClCompile Include="com__sos__scheduler__engine__kernel__folder__events__FileBasedActivatedEvent.cxx"><Filter>Quelldateien\Generated C++/Java-Proxies</Filter></ClCompile><ClCompile Include="com__sos__scheduler__engine__kernel__folder__events__FileBasedRemovedEvent.cxx"><Filter>Quelldateien\Generated C++/Java-Proxies</Filter></ClCompile><ClCompile Include="com__sos__scheduler__engine__kernel__cppproxy__HttpResponseC.cxx"><Filter>Quelldateien\Generated C++/Java-Proxies</Filter></ClCompile><ClCompile Include="com__sos__scheduler__engine__kernel__http__SchedulerHttpRequest.cxx"><Filter>Quelldateien\Generated C++/Java-Proxies</Filter></ClCompile><ClCompile Include="com__sos__scheduler__engine__kernel__http__SchedulerHttpResponse.cxx"><Filter>Quelldateien\Generated C++/Java-Proxies</Filter></ClCompile><ClCompile Include="com__sos__scheduler__engine__kernel__cppproxy__HttpChunkReaderC.cxx"><Filter>Quelldateien\Generated C++/Java-Proxies</Filter></ClCompile><ClCompile Include="com__sos__scheduler__engine__kernel__log__InfoLogEvent.cxx"><Filter>Quelldateien\Generated C++/Java-Proxies</Filter></ClCompile></ItemGroup>
  <ItemGroup>
    <ClInclude Include="_precompiled.h">
      <Filter>Headerdateien</Filter>
    </ClInclude>
  </ItemGroup>
</Project>
