Microsoft Visual Studio Solution File, Format Version 11.00
# Visual C++ Express 2010
Project("{8BC9CEB8-8B4A-11D0-8D11-00A0C91BC942}") = "js", "js\src\js.vcxproj", "{A618AA7D-F872-463F-88A3-0C4CBB6FF97F}"
EndProject
Project("{8BC9CEB8-8B4A-11D0-8D11-00A0C91BC942}") = "liveconnect", "js\src\liveconnect\liveconnect.vcxproj", "{677EE4B1-D0BC-45CF-AF8D-356C4489429C}"
EndProject
Project("{8BC9CEB8-8B4A-11D0-8D11-00A0C91BC942}") = "fdlibm", "js\src\fdlibm\fdlibm.vcxproj", "{08369340-39AD-47C7-903D-F692A866CE89}"
EndProject
Project("{8BC9CEB8-8B4A-11D0-8D11-00A0C91BC942}") = "scripting_engine", "scripting_engine\scripting_engine.vcxproj", "{CB328962-5E3D-4335-B549-55ED23867E90}"
	ProjectSection(ProjectDependencies) = postProject
		{722C292E-1F82-4ACC-950A-451291E25500} = {722C292E-1F82-4ACC-950A-451291E25500}
	EndProjectSection
EndProject
Project("{8BC9CEB8-8B4A-11D0-8D11-00A0C91BC942}") = "zschimmer", "zschimmer\zschimmer.vcxproj", "{F4BA4DE3-330B-4929-B880-74B912464AE6}"
EndProject
Project("{8BC9CEB8-8B4A-11D0-8D11-00A0C91BC942}") = "regexp", "3rd_party\regexp\regexp.vcxproj", "{D2A07AB6-A18A-49B4-9B34-8DA638EDA3C4}"
EndProject
Project("{8BC9CEB8-8B4A-11D0-8D11-00A0C91BC942}") = "main", "scripting_engine\main.vcxproj", "{2A85574C-4AF9-4DDB-96D6-1C3F06F5EE44}"
	ProjectSection(ProjectDependencies) = postProject
		{722C292E-1F82-4ACC-950A-451291E25500} = {722C292E-1F82-4ACC-950A-451291E25500}
	EndProjectSection
EndProject
Project("{8BC9CEB8-8B4A-11D0-8D11-00A0C91BC942}") = "scripting_engine_tlb", "scripting_engine\scripting_engine_tlb.vcxproj", "{722C292E-1F82-4ACC-950A-451291E25500}"
EndProject
Global
	GlobalSection(SolutionConfigurationPlatforms) = preSolution
		Debug|Win32 = Debug|Win32
		Release|Win32 = Release|Win32
	EndGlobalSection
	GlobalSection(ProjectConfigurationPlatforms) = postSolution
		{A618AA7D-F872-463F-88A3-0C4CBB6FF97F}.Debug|Win32.ActiveCfg = Debug|Win32
		{A618AA7D-F872-463F-88A3-0C4CBB6FF97F}.Debug|Win32.Build.0 = Debug|Win32
		{A618AA7D-F872-463F-88A3-0C4CBB6FF97F}.Release|Win32.ActiveCfg = Release|Win32
		{A618AA7D-F872-463F-88A3-0C4CBB6FF97F}.Release|Win32.Build.0 = Release|Win32
		{677EE4B1-D0BC-45CF-AF8D-356C4489429C}.Debug|Win32.ActiveCfg = Debug|Win32
		{677EE4B1-D0BC-45CF-AF8D-356C4489429C}.Debug|Win32.Build.0 = Debug|Win32
		{677EE4B1-D0BC-45CF-AF8D-356C4489429C}.Release|Win32.ActiveCfg = Release|Win32
		{677EE4B1-D0BC-45CF-AF8D-356C4489429C}.Release|Win32.Build.0 = Release|Win32
		{08369340-39AD-47C7-903D-F692A866CE89}.Debug|Win32.ActiveCfg = Debug|Win32
		{08369340-39AD-47C7-903D-F692A866CE89}.Debug|Win32.Build.0 = Debug|Win32
		{08369340-39AD-47C7-903D-F692A866CE89}.Release|Win32.ActiveCfg = Release|Win32
		{08369340-39AD-47C7-903D-F692A866CE89}.Release|Win32.Build.0 = Release|Win32
		{CB328962-5E3D-4335-B549-55ED23867E90}.Debug|Win32.ActiveCfg = Debug|Win32
		{CB328962-5E3D-4335-B549-55ED23867E90}.Debug|Win32.Build.0 = Debug|Win32
		{CB328962-5E3D-4335-B549-55ED23867E90}.Release|Win32.ActiveCfg = Release|Win32
		{CB328962-5E3D-4335-B549-55ED23867E90}.Release|Win32.Build.0 = Release|Win32
		{F4BA4DE3-330B-4929-B880-74B912464AE6}.Debug|Win32.ActiveCfg = Debug|Win32
		{F4BA4DE3-330B-4929-B880-74B912464AE6}.Debug|Win32.Build.0 = Debug|Win32
		{F4BA4DE3-330B-4929-B880-74B912464AE6}.Release|Win32.ActiveCfg = Release|Win32
		{F4BA4DE3-330B-4929-B880-74B912464AE6}.Release|Win32.Build.0 = Release|Win32
		{D2A07AB6-A18A-49B4-9B34-8DA638EDA3C4}.Debug|Win32.ActiveCfg = Debug|Win32
		{D2A07AB6-A18A-49B4-9B34-8DA638EDA3C4}.Debug|Win32.Build.0 = Debug|Win32
		{D2A07AB6-A18A-49B4-9B34-8DA638EDA3C4}.Release|Win32.ActiveCfg = Release|Win32
		{D2A07AB6-A18A-49B4-9B34-8DA638EDA3C4}.Release|Win32.Build.0 = Release|Win32
		{2A85574C-4AF9-4DDB-96D6-1C3F06F5EE44}.Debug|Win32.ActiveCfg = Debug|Win32
		{2A85574C-4AF9-4DDB-96D6-1C3F06F5EE44}.Debug|Win32.Build.0 = Debug|Win32
		{2A85574C-4AF9-4DDB-96D6-1C3F06F5EE44}.Release|Win32.ActiveCfg = Release|Win32
		{2A85574C-4AF9-4DDB-96D6-1C3F06F5EE44}.Release|Win32.Build.0 = Release|Win32
		{722C292E-1F82-4ACC-950A-451291E25500}.Debug|Win32.ActiveCfg = Debug|Win32
		{722C292E-1F82-4ACC-950A-451291E25500}.Debug|Win32.Build.0 = Debug|Win32
		{722C292E-1F82-4ACC-950A-451291E25500}.Release|Win32.ActiveCfg = Release|Win32
		{722C292E-1F82-4ACC-950A-451291E25500}.Release|Win32.Build.0 = Release|Win32
	EndGlobalSection
	GlobalSection(SolutionProperties) = preSolution
		HideSolutionNode = FALSE
	EndGlobalSection
EndGlobal
