<?xml version="1.0" encoding="utf-8"?>
<Project ToolsVersion="4.0" xmlns="http://schemas.microsoft.com/developer/msbuild/2003">
  <ItemGroup>
    <Filter Include="Source Files">
      <UniqueIdentifier>{36daebb6-93a8-4df5-b65d-488f63036b9b}</UniqueIdentifier>
      <Extensions>cpp;c;cxx;rc;def;r;odl;hpj;bat;for;f90</Extensions>
    </Filter>
    <Filter Include="Header Files">
      <UniqueIdentifier>{a42113e3-2bd0-4d15-914a-b30a93f38fd4}</UniqueIdentifier>
      <Extensions>h;hpp;hxx;hm;inl;fi;fd</Extensions>
    </Filter>
    <Filter Include="Resource Files">
      <UniqueIdentifier>{40bfd372-6382-443c-a445-5823a2ae01d4}</UniqueIdentifier>
      <Extensions>ico;cur;bmp;dlg;rc2;rct;bin;cnt;rtf;gif;jpg;jpeg;jpe</Extensions>
    </Filter>
  </ItemGroup>
  <ItemGroup>
    <ClCompile Include="area.cxx">
      <Filter>Source Files</Filter>
    </ClCompile>
    <ClCompile Include="com_server.cxx">
      <Filter>Source Files</Filter>
    </ClCompile>
    <ClCompile Include="com_simple_standards.cxx">
      <Filter>Source Files</Filter>
    </ClCompile>
    <ClCompile Include="dynobj.cxx">
      <Filter>Source Files</Filter>
    </ClCompile>
    <ClCompile Include="env.cxx">
      <Filter>Source Files</Filter>
    </ClCompile>
    <ClCompile Include="itoa.cxx">
      <Filter>Source Files</Filter>
    </ClCompile>
    <ClCompile Include="licence.cxx">
      <Filter>Source Files</Filter>
    </ClCompile>
    <ClCompile Include="licenceg.cxx">
      <Filter>Source Files</Filter>
    </ClCompile>
    <ClCompile Include="log.cxx">
      <Filter>Source Files</Filter>
    </ClCompile>
    <ClCompile Include="msec.cxx">
      <Filter>Source Files</Filter>
    </ClCompile>
    <ClCompile Include="olereg.cxx">
      <Filter>Source Files</Filter>
    </ClCompile>
    <ClCompile Include="sleep.cxx">
      <Filter>Source Files</Filter>
    </ClCompile>
    <ClCompile Include="sos_mail.cxx">
      <Filter>Source Files</Filter>
    </ClCompile>
    <ClCompile Include="sos_mail_java.cxx">
      <Filter>Source Files</Filter>
    </ClCompile>
    <ClCompile Include="sos_mail_jmail.cxx">
      <Filter>Source Files</Filter>
    </ClCompile>
    <ClCompile Include="sosalloc.cxx">
      <Filter>Source Files</Filter>
    </ClCompile>
    <ClCompile Include="sosarray.cxx">
      <Filter>Source Files</Filter>
    </ClCompile>
    <ClCompile Include="sosclien.cxx">
      <Filter>Source Files</Filter>
    </ClCompile>
    <ClCompile Include="sosctype.cxx">
      <Filter>Source Files</Filter>
    </ClCompile>
    <ClCompile Include="sosdate.cxx">
      <Filter>Source Files</Filter>
    </ClCompile>
    <ClCompile Include="soserror.cxx">
      <Filter>Source Files</Filter>
    </ClCompile>
    <ClCompile Include="sosfield.cxx">
      <Filter>Source Files</Filter>
    </ClCompile>
    <ClCompile Include="sosfld2.cxx">
      <Filter>Source Files</Filter>
    </ClCompile>
    <ClCompile Include="soslimtx.cxx">
      <Filter>Source Files</Filter>
    </ClCompile>
    <ClCompile Include="sosmain0.cxx">
      <Filter>Source Files</Filter>
    </ClCompile>
    <ClCompile Include="sosobj.cxx">
      <Filter>Source Files</Filter>
    </ClCompile>
    <ClCompile Include="sosobjba.cxx">
      <Filter>Source Files</Filter>
    </ClCompile>
    <ClCompile Include="sosopt.cxx">
      <Filter>Source Files</Filter>
    </ClCompile>
    <ClCompile Include="sosprof.cxx">
      <Filter>Source Files</Filter>
    </ClCompile>
    <ClCompile Include="sosscrpt.cxx">
      <Filter>Source Files</Filter>
    </ClCompile>
    <ClCompile Include="sossock.cxx">
      <Filter>Source Files</Filter>
    </ClCompile>
    <ClCompile Include="sosstat.cxx">
      <Filter>Source Files</Filter>
    </ClCompile>
    <ClCompile Include="sosstrg0.cxx">
      <Filter>Source Files</Filter>
    </ClCompile>
    <ClCompile Include="sosstrng.cxx">
      <Filter>Source Files</Filter>
    </ClCompile>
    <ClCompile Include="sosuser.cxx">
      <Filter>Source Files</Filter>
    </ClCompile>
    <ClCompile Include="stdfield.cxx">
      <Filter>Source Files</Filter>
    </ClCompile>
    <ClCompile Include="strupr.cxx">
      <Filter>Source Files</Filter>
    </ClCompile>
    <ClCompile Include="sysxcept.cxx">
      <Filter>Source Files</Filter>
    </ClCompile>
    <ClCompile Include="truncsp.cxx">
      <Filter>Source Files</Filter>
    </ClCompile>
    <ClCompile Include="xception.cxx">
      <Filter>Source Files</Filter>
    </ClCompile>
    <ClCompile Include="_precomp.cxx">
      <Filter>Source Files</Filter>
    </ClCompile>
    <ClCompile Include="sossv2.cxx">
      <Filter>Source Files</Filter>
    </ClCompile>
    <ClCompile Include="sostimer.cxx">
      <Filter>Source Files</Filter>
    </ClCompile>
    <ClCompile Include="sosdll.cxx">
      <Filter>Source Files</Filter>
    </ClCompile>
    <ClCompile Include="soslimt2.cxx">
      <Filter>Source Files</Filter>
    </ClCompile>
    <ClCompile Include="olestd.cxx">
      <Filter>Source Files</Filter>
    </ClCompile>
    <ClCompile Include="sossql_group_by.cxx">
      <Filter>Source Files</Filter>
    </ClCompile>
    <ClCompile Include="sossql1.cxx">
      <Filter>Source Files</Filter>
    </ClCompile>
    <ClCompile Include="sossql2.cxx">
      <Filter>Source Files</Filter>
    </ClCompile>
    <ClCompile Include="sossql2a.cxx">
      <Filter>Source Files</Filter>
    </ClCompile>
    <ClCompile Include="sossql3.cxx">
      <Filter>Source Files</Filter>
    </ClCompile>
    <ClCompile Include="sossql4.cxx">
      <Filter>Source Files</Filter>
    </ClCompile>
    <ClCompile Include="sossqlfl.cxx">
      <Filter>Source Files</Filter>
    </ClCompile>
    <ClCompile Include="sossqlty.cxx">
      <Filter>Source Files</Filter>
    </ClCompile>
    <ClCompile Include="sosset.cxx">
      <Filter>Source Files</Filter>
    </ClCompile>
    <ClCompile Include="sqlutil.cxx">
      <Filter>Source Files</Filter>
    </ClCompile>
    <ClCompile Include="sossqlfn.cxx">
      <Filter>Source Files</Filter>
    </ClCompile>
    <ClCompile Include="sysdep.cxx">
      <Filter>Source Files</Filter>
    </ClCompile>
    <ClCompile Include="sqlfield.cxx">
      <Filter>Source Files</Filter>
    </ClCompile>
    <ClCompile Include="decimal.cxx">
      <Filter>Source Files</Filter>
    </ClCompile>
    <ClCompile Include="sosstrea.cxx">
      <Filter>Source Files</Filter>
    </ClCompile>
    <ClCompile Include="sosfunc.cxx">
      <Filter>Source Files</Filter>
    </ClCompile>
    <ClCompile Include="ebc2iso.cxx">
      <Filter>Source Files</Filter>
    </ClCompile>
    <ClCompile Include="sosdumcl.cxx">
      <Filter>Source Files</Filter>
    </ClCompile>
    <ClCompile Include="sosfact.cxx">
      <Filter>Source Files</Filter>
    </ClCompile>
    <ClCompile Include="sosfiltr.cxx">
      <Filter>Source Files</Filter>
    </ClCompile>
    <ClCompile Include="soslist.cxx">
      <Filter>Source Files</Filter>
    </ClCompile>
    <ClCompile Include="sosmsg.cxx">
      <Filter>Source Files</Filter>
    </ClCompile>
  </ItemGroup>
  <ItemGroup>
    <ClInclude Include="com.h">
      <Filter>Header Files</Filter>
    </ClInclude>
    <ClInclude Include="com_server.h">
      <Filter>Header Files</Filter>
    </ClInclude>
    <ClInclude Include="env.h">
      <Filter>Header Files</Filter>
    </ClInclude>
    <ClInclude Include="rtf_parser.h">
      <Filter>Header Files</Filter>
    </ClInclude>
    <ClInclude Include="sos_java.h">
      <Filter>Header Files</Filter>
    </ClInclude>
    <ClInclude Include="sos_perl.h">
      <Filter>Header Files</Filter>
    </ClInclude>
    <ClInclude Include="soserror.h">
      <Filter>Header Files</Filter>
    </ClInclude>
    <ClInclude Include="sosxml.h">
      <Filter>Header Files</Filter>
    </ClInclude>
    <ClInclude Include="thread.h">
      <Filter>Header Files</Filter>
    </ClInclude>
    <ClInclude Include="thread_data.h">
      <Filter>Header Files</Filter>
    </ClInclude>
    <ClInclude Include="thread_semaphore.h">
      <Filter>Header Files</Filter>
    </ClInclude>
    <ClInclude Include="version.h">
      <Filter>Header Files</Filter>
    </ClInclude>
    <ClInclude Include="xml_dom.h">
      <Filter>Header Files</Filter>
    </ClInclude>
    <ClInclude Include="dynobj.h">
      <Filter>Header Files</Filter>
    </ClInclude>
    <ClInclude Include="sosdumcl.h">
      <Filter>Header Files</Filter>
    </ClInclude>
    <ClInclude Include="sosfact.h">
      <Filter>Header Files</Filter>
    </ClInclude>
    <ClInclude Include="sosfiltr.h">
      <Filter>Header Files</Filter>
    </ClInclude>
    <ClInclude Include="soslist.h">
      <Filter>Header Files</Filter>
    </ClInclude>
    <ClInclude Include="sosmsg.h">
      <Filter>Header Files</Filter>
    </ClInclude>
    <ClInclude Include="sossock1.h">
      <Filter>Header Files</Filter>
    </ClInclude>
  </ItemGroup>
  <ItemGroup>
    <None Include="kram.hrc">
      <Filter>Header Files</Filter>
    </None>
  </ItemGroup>
</Project>