<?xml version="1.0" encoding="utf-8"?>
<Project ToolsVersion="4.0" xmlns="http://schemas.microsoft.com/developer/msbuild/2003">
  <ItemGroup>
    <Filter Include="Source Files">
      <UniqueIdentifier>{e0e0f830-2f7c-4216-a22b-ddbff22736d1}</UniqueIdentifier>
      <Extensions>cpp;c;cxx;rc;def;r;odl;hpj;bat;for;f90</Extensions>
    </Filter>
    <Filter Include="Header Files">
      <UniqueIdentifier>{f714ac87-7eb7-423c-a4d9-afe345e2d90b}</UniqueIdentifier>
      <Extensions>h;hpp;hxx;hm;inl;fi;fd</Extensions>
    </Filter>
    <Filter Include="Resource Files">
      <UniqueIdentifier>{ccc1d437-0b72-4e46-b105-7b3cadd54b9d}</UniqueIdentifier>
      <Extensions>ico;cur;bmp;dlg;rc2;rct;bin;cnt;rtf;gif;jpg;jpeg;jpe</Extensions>
    </Filter>
  </ItemGroup>
  <ItemGroup>
    <ClCompile Include="absfile.cxx">
      <Filter>Source Files</Filter>
    </ClCompile>
    <ClCompile Include="alias.cxx">
      <Filter>Source Files</Filter>
    </ClCompile>
    <ClCompile Include="anyfile.cxx">
      <Filter>Source Files</Filter>
    </ClCompile>
    <ClCompile Include="cache_file.cxx">
      <Filter>Source Files</Filter>
    </ClCompile>
    <ClCompile Include="cachefl.cxx">
      <Filter>Source Files</Filter>
    </ClCompile>
    <ClCompile Include="cachsqfl.cxx">
      <Filter>Source Files</Filter>
    </ClCompile>
    <ClCompile Include="clipbrd.cxx">
      <Filter>Source Files</Filter>
    </ClCompile>
    <ClCompile Include="colsfile.cxx">
      <Filter>Source Files</Filter>
    </ClCompile>
    <ClCompile Include="comfile.cxx">
      <Filter>Source Files</Filter>
    </ClCompile>
    <ClCompile Include="concatfl.cxx">
      <Filter>Source Files</Filter>
    </ClCompile>
    <ClCompile Include="convfile.cxx">
      <Filter>Source Files</Filter>
    </ClCompile>
    <ClCompile Include="create_table_file.cxx">
      <Filter>Source Files</Filter>
    </ClCompile>
    <ClCompile Include="ddefile.cxx">
      <Filter>Source Files</Filter>
    </ClCompile>
    <ClCompile Include="deletefl.cxx">
      <Filter>Source Files</Filter>
    </ClCompile>
    <ClCompile Include="dir.cxx">
      <Filter>Source Files</Filter>
    </ClCompile>
    <ClCompile Include="dosdir.cxx">
      <Filter>Source Files</Filter>
    </ClCompile>
    <ClCompile Include="ebcascfl.cxx">
      <Filter>Source Files</Filter>
    </ClCompile>
    <ClCompile Include="ebofile.cxx">
      <Filter>Source Files</Filter>
    </ClCompile>
    <ClCompile Include="emukeyfl.cxx">
      <Filter>Source Files</Filter>
    </ClCompile>
    <ClCompile Include="errfile.cxx">
      <Filter>Source Files</Filter>
    </ClCompile>
    <ClCompile Include="filebase.cxx">
      <Filter>Source Files</Filter>
    </ClCompile>
    <ClCompile Include="filedde.cxx">
      <Filter>Source Files</Filter>
    </ClCompile>
    <ClCompile Include="filekey.cxx">
      <Filter>Source Files</Filter>
    </ClCompile>
    <ClCompile Include="filetab.cxx">
      <Filter>Source Files</Filter>
    </ClCompile>
    <ClCompile Include="filter.cxx">
      <Filter>Source Files</Filter>
    </ClCompile>
    <ClCompile Include="fldfile.cxx">
      <Filter>Source Files</Filter>
    </ClCompile>
    <ClCompile Include="flstream.cxx">
      <Filter>Source Files</Filter>
    </ClCompile>
    <ClCompile Include="framedm.cxx">
      <Filter>Source Files</Filter>
    </ClCompile>
    <ClCompile Include="frmpage.cxx">
      <Filter>Source Files</Filter>
    </ClCompile>
    <ClCompile Include="head_file.cxx">
      <Filter>Source Files</Filter>
    </ClCompile>
    <ClCompile Include="inlinefl.cxx">
      <Filter>Source Files</Filter>
    </ClCompile>
    <ClCompile Include="insertfl.cxx">
      <Filter>Source Files</Filter>
    </ClCompile>
    <ClCompile Include="jdbc.cxx">
      <Filter>Source Files</Filter>
    </ClCompile>
    <ClCompile Include="jmail_file.cxx">
      <Filter>Source Files</Filter>
    </ClCompile>
    <ClCompile Include="keyseqfl.cxx">
      <Filter>Source Files</Filter>
    </ClCompile>
    <ClCompile Include="lockwait.cxx">
      <Filter>Source Files</Filter>
    </ClCompile>
    <ClCompile Include="logfile.cxx">
      <Filter>Source Files</Filter>
    </ClCompile>
    <ClCompile Include="nl.cxx">
      <Filter>Source Files</Filter>
    </ClCompile>
    <ClCompile Include="nlfile.cxx">
      <Filter>Source Files</Filter>
    </ClCompile>
    <ClCompile Include="nullfile.cxx">
      <Filter>Source Files</Filter>
    </ClCompile>
    <ClCompile Include="objfile.cxx">
      <Filter>Source Files</Filter>
    </ClCompile>
    <ClCompile Include="odbc.cxx">
      <Filter>Source Files</Filter>
    </ClCompile>
    <ClCompile Include="odbctype.cxx">
      <Filter>Source Files</Filter>
    </ClCompile>
    <ClCompile Include="olefile.cxx">
      <Filter>Source Files</Filter>
    </ClCompile>
    <ClCompile Include="p_file.cxx">
      <Filter>Source Files</Filter>
    </ClCompile>
    <ClCompile Include="printers.cxx">
      <Filter>Source Files</Filter>
    </ClCompile>
    <ClCompile Include="recfile.cxx">
      <Filter>Source Files</Filter>
    </ClCompile>
    <ClCompile Include="recnofil.cxx">
      <Filter>Source Files</Filter>
    </ClCompile>
    <ClCompile Include="rectab.cxx">
      <Filter>Source Files</Filter>
    </ClCompile>
    <ClCompile Include="sam3file.cxx">
      <Filter>Source Files</Filter>
    </ClCompile>
    <ClCompile Include="selall.cxx">
      <Filter>Source Files</Filter>
    </ClCompile>
    <ClCompile Include="sosdb.cxx">
      <Filter>Source Files</Filter>
    </ClCompile>
    <ClCompile Include="sqlfile.cxx">
      <Filter>Source Files</Filter>
    </ClCompile>
    <ClCompile Include="stdfile.cxx">
      <Filter>Source Files</Filter>
    </ClCompile>
    <ClCompile Include="storefl.cxx">
      <Filter>Source Files</Filter>
    </ClCompile>
    <ClCompile Include="tabrec.cxx">
      <Filter>Source Files</Filter>
    </ClCompile>
    <ClCompile Include="tail_file.cxx">
      <Filter>Source Files</Filter>
    </ClCompile>
    <ClCompile Include="tb.cxx">
      <Filter>Source Files</Filter>
    </ClCompile>
    <ClCompile Include="teefl.cxx">
      <Filter>Source Files</Filter>
    </ClCompile>
    <ClCompile Include="updatefl.cxx">
      <Filter>Source Files</Filter>
    </ClCompile>
    <ClCompile Include="vflfile.cxx">
      <Filter>Source Files</Filter>
    </ClCompile>
    <ClCompile Include="winapifl.cxx">
      <Filter>Source Files</Filter>
    </ClCompile>
    <ClCompile Include="xml_file.cxx">
      <Filter>Source Files</Filter>
    </ClCompile>
    <ClCompile Include="zlibfl.cxx">
      <Filter>Source Files</Filter>
    </ClCompile>
    <ClCompile Include="_precomp.cxx">
      <Filter>Source Files</Filter>
    </ClCompile>
  </ItemGroup>
  <ItemGroup>
    <ClInclude Include="dosdir.h">
      <Filter>Header Files</Filter>
    </ClInclude>
    <ClInclude Include="frmprev.h">
      <Filter>Header Files</Filter>
    </ClInclude>
    <ClInclude Include="odbctype.h">
      <Filter>Header Files</Filter>
    </ClInclude>
    <ClInclude Include="protfile.h">
      <Filter>Header Files</Filter>
    </ClInclude>
    <ClInclude Include="sysfile.h">
      <Filter>Header Files</Filter>
    </ClInclude>
  </ItemGroup>
</Project>