<?xml version="1.0" encoding="utf-8"?>
<Project xmlns="http://schemas.microsoft.com/developer/msbuild/2003" ToolsVersion="4.0">
  <ItemGroup>
    <Filter Include="Quellcodedateien">
      <UniqueIdentifier>{c635a1c5-cf81-4b13-afae-606ac8c9280f}</UniqueIdentifier>
      <Extensions>cpp;c;cxx;rc;def;r;odl;idl;hpj;bat</Extensions>
    </Filter>
    <Filter Include="Quellcodedateien\Generated C++/Java-Proxies">
      <UniqueIdentifier>{de1fb93b-a9ba-4f34-93de-a59a847cf2d1}</UniqueIdentifier>
    </Filter>
    <Filter Include="Header-Dateien">
      <UniqueIdentifier>{491606c3-28a2-40a0-85b1-3571eeb0c389}</UniqueIdentifier>
      <Extensions>h;hpp;hxx;hm;inl</Extensions>
    </Filter>
    <Filter Include="Ressourcendateien">
      <UniqueIdentifier>{62d779a8-b587-4ba7-894f-87f78c684d41}</UniqueIdentifier>
      <Extensions>ico;cur;bmp;dlg;rc2;rct;bin;rgs;gif;jpg;jpeg;jpe</Extensions>
    </Filter>
    <Filter Include="html">
      <UniqueIdentifier>{9589c757-8256-4f3d-951a-cea840146002}</UniqueIdentifier>
    </Filter>
  </ItemGroup>
  <ItemGroup>
    <ClCompile Include="_precompiled_headers.cxx">
      <Filter>Quellcodedateien</Filter>
    </ClCompile>
    <ClCompile Include="cluster.cxx">
      <Filter>Quellcodedateien</Filter>
    </ClCompile>
    <ClCompile Include="database.cxx">
      <Filter>Quellcodedateien</Filter>
    </ClCompile>
    <ClCompile Include="directory_observer.cxx">
      <Filter>Quellcodedateien</Filter>
    </ClCompile>
    <ClCompile Include="Event_subsystem.cxx">
      <Filter>Quellcodedateien</Filter>
    </ClCompile>
    <ClCompile Include="file_logger.cxx">
      <Filter>Quellcodedateien</Filter>
    </ClCompile>
    <ClCompile Include="folder.cxx">
      <Filter>Quellcodedateien</Filter>
    </ClCompile>
    <ClCompile Include="include.cxx">
      <Filter>Quellcodedateien</Filter>
    </ClCompile>
    <ClCompile Include="java_subsystem.cxx">
      <Filter>Quellcodedateien</Filter>
    </ClCompile>
    <ClCompile Include="lock.cxx">
      <Filter>Quellcodedateien</Filter>
    </ClCompile>
    <ClCompile Include="Module_monitor_instances.cxx">
      <Filter>Quellcodedateien</Filter>
    </ClCompile>
    <ClCompile Include="Order.cxx">
      <Filter>Quellcodedateien</Filter>
    </ClCompile>
    <ClCompile Include="path.cxx">
      <Filter>Quellcodedateien</Filter>
    </ClCompile>
    <ClCompile Include="register.cxx">
      <Filter>Quellcodedateien</Filter>
    </ClCompile>
    <ClCompile Include="schedule.cxx">
      <Filter>Quellcodedateien</Filter>
    </ClCompile>
    <ClCompile Include="scheduler_client.cxx">
      <Filter>Quellcodedateien</Filter>
    </ClCompile>
    <ClCompile Include="Scheduler_event2.cxx">
      <Filter>Quellcodedateien</Filter>
    </ClCompile>
    <ClCompile Include="scheduler_object.cxx">
      <Filter>Quellcodedateien</Filter>
    </ClCompile>
    <ClCompile Include="scheduler_script.cxx">
      <Filter>Quellcodedateien</Filter>
    </ClCompile>
    <ClCompile Include="spooler.cxx">
      <Filter>Quellcodedateien</Filter>
    </ClCompile>
    <ClCompile Include="spooler_com.cxx">
      <Filter>Quellcodedateien</Filter>
    </ClCompile>
    <ClCompile Include="spooler_command.cxx">
      <Filter>Quellcodedateien</Filter>
    </ClCompile>
    <ClCompile Include="spooler_common.cxx">
      <Filter>Quellcodedateien</Filter>
    </ClCompile>
    <ClCompile Include="spooler_communication.cxx">
      <Filter>Quellcodedateien</Filter>
    </ClCompile>
    <ClCompile Include="spooler_config.cxx">
      <Filter>Quellcodedateien</Filter>
    </ClCompile>
    <ClCompile Include="spooler_dll.cxx">
      <Filter>Quellcodedateien</Filter>
    </ClCompile>
    <ClCompile Include="spooler_dll_java.cxx">
      <Filter>Quellcodedateien</Filter>
    </ClCompile>
    <ClCompile Include="spooler_embedded_files.cxx">
      <Filter>Quellcodedateien</Filter>
    </ClCompile>
    <ClCompile Include="spooler_embedded_files_z.cxx">
      <Filter>Quellcodedateien</Filter>
    </ClCompile>
    <ClCompile Include="spooler_event.cxx">
      <Filter>Quellcodedateien</Filter>
    </ClCompile>
    <ClCompile Include="spooler_http.cxx">
      <Filter>Quellcodedateien</Filter>
    </ClCompile>
    <ClCompile Include="spooler_job.cxx">
      <Filter>Quellcodedateien</Filter>
    </ClCompile>
    <ClCompile Include="spooler_log.cxx">
      <Filter>Quellcodedateien</Filter>
    </ClCompile>
    <ClCompile Include="spooler_mail.cxx">
      <Filter>Quellcodedateien</Filter>
    </ClCompile>
    <ClCompile Include="spooler_module.cxx">
      <Filter>Quellcodedateien</Filter>
    </ClCompile>
    <ClCompile Include="spooler_module_com.cxx">
      <Filter>Quellcodedateien</Filter>
    </ClCompile>
    <ClCompile Include="spooler_module_internal.cxx">
      <Filter>Quellcodedateien</Filter>
    </ClCompile>
    <ClCompile Include="spooler_module_java.cxx">
      <Filter>Quellcodedateien</Filter>
    </ClCompile>
    <ClCompile Include="spooler_module_process.cxx">
      <Filter>Quellcodedateien</Filter>
    </ClCompile>
    <ClCompile Include="spooler_module_remote.cxx">
      <Filter>Quellcodedateien</Filter>
    </ClCompile>
    <ClCompile Include="spooler_module_remote_server.cxx">
      <Filter>Quellcodedateien</Filter>
    </ClCompile>
    <ClCompile Include="spooler_module_script.cxx">
      <Filter>Quellcodedateien</Filter>
    </ClCompile>
    <ClCompile Include="spooler_order.cxx">
      <Filter>Quellcodedateien</Filter>
    </ClCompile>
    <ClCompile Include="spooler_order_file.cxx">
      <Filter>Quellcodedateien</Filter>
    </ClCompile>
    <ClCompile Include="spooler_process.cxx">
      <Filter>Quellcodedateien</Filter>
    </ClCompile>
    <ClCompile Include="spooler_security.cxx">
      <Filter>Quellcodedateien</Filter>
    </ClCompile>
    <ClCompile Include="spooler_service.cxx">
      <Filter>Quellcodedateien</Filter>
    </ClCompile>
    <ClCompile Include="spooler_subprocess.cxx">
      <Filter>Quellcodedateien</Filter>
    </ClCompile>
    <ClCompile Include="spooler_task.cxx">
      <Filter>Quellcodedateien</Filter>
    </ClCompile>
    <ClCompile Include="spooler_thread.cxx">
      <Filter>Quellcodedateien</Filter>
    </ClCompile>
    <ClCompile Include="spooler_time.cxx">
      <Filter>Quellcodedateien</Filter>
    </ClCompile>
    <ClCompile Include="spooler_wait.cxx">
      <Filter>Quellcodedateien</Filter>
    </ClCompile>
    <ClCompile Include="spooler_web_service.cxx">
      <Filter>Quellcodedateien</Filter>
    </ClCompile>
    <ClCompile Include="spooler_xslt_stylesheet.cxx">
      <Filter>Quellcodedateien</Filter>
    </ClCompile>
    <ClCompile Include="standing_order.cxx">
      <Filter>Quellcodedateien</Filter>
    </ClCompile>
    <ClCompile Include="subsystem.cxx">
      <Filter>Quellcodedateien</Filter>
    </ClCompile>
    <ClCompile Include="supervisor.cxx">
      <Filter>Quellcodedateien</Filter>
    </ClCompile>
    <ClCompile Include="supervisor_client.cxx">
      <Filter>Quellcodedateien</Filter>
    </ClCompile>
    <ClCompile Include="version.cxx">
      <Filter>Quellcodedateien</Filter>
    </ClCompile>
    <ClCompile Include="xml_client_connection.cxx">
      <Filter>Quellcodedateien</Filter>
    </ClCompile>
    <ClCompile Include="jni__register_native_classes.cxx">
      <Filter>Quellcodedateien\Generated C++/Java-Proxies</Filter>
    </ClCompile>
    <ClCompile Include="jni__sos__scheduler__Job.cxx">
      <Filter>Quellcodedateien\Generated C++/Java-Proxies</Filter>
    </ClCompile>
    <ClCompile Include="jni__sos__scheduler__order__Job_chain.cxx">
      <Filter>Quellcodedateien\Generated C++/Java-Proxies</Filter>
    </ClCompile>
    <ClCompile Include="jni__sos__scheduler__Job_subsystem.cxx">
      <Filter>Quellcodedateien\Generated C++/Java-Proxies</Filter>
    </ClCompile>
    <ClCompile Include="jni__sos__scheduler__order__job_chain__Node.cxx">
      <Filter>Quellcodedateien\Generated C++/Java-Proxies</Filter>
    </ClCompile>
    <ClCompile Include="jni__sos__scheduler__order__Order.cxx">
      <Filter>Quellcodedateien\Generated C++/Java-Proxies</Filter>
    </ClCompile>
    <ClCompile Include="jni__sos__scheduler__order__Order_queue.cxx">
      <Filter>Quellcodedateien\Generated C++/Java-Proxies</Filter>
    </ClCompile>
    <ClCompile Include="jni__sos__scheduler__order__job_chain__Order_queue_node.cxx">
      <Filter>Quellcodedateien\Generated C++/Java-Proxies</Filter>
    </ClCompile>
    <ClCompile Include="jni__sos__scheduler__order__Order_subsystem.cxx">
      <Filter>Quellcodedateien\Generated C++/Java-Proxies</Filter>
    </ClCompile>
    <ClCompile Include="jni__sos__scheduler__Prefix_log.cxx">
      <Filter>Quellcodedateien\Generated C++/Java-Proxies</Filter>
    </ClCompile>
    <ClCompile Include="jni__sos__scheduler__Spooler.cxx">
      <Filter>Quellcodedateien\Generated C++/Java-Proxies</Filter>
    </ClCompile>
    <ClCompile Include="scheduler_messages.cxx">
      <Filter>Quellcodedateien</Filter>
    </ClCompile>
    <ClCompile Include="..\kram\sosmain.cxx">
      <Filter>Quellcodedateien</Filter>
    </ClCompile>
    <ClCompile Include="jni__sos__scheduler__com_objects__Com_variable_set.cxx">
      <Filter>Quellcodedateien\Generated C++/Java-Proxies</Filter>
    </ClCompile>
    <ClCompile Include="jni__sos__scheduler__Database.cxx">
      <Filter>Quellcodedateien\Generated C++/Java-Proxies</Filter>
    </ClCompile>
    <ClCompile Include="log_cache_Request.cxx">
      <Filter>Quellcodedateien</Filter>
    </ClCompile>
    <ClCompile Include="log_cache_Request_cache.cxx">
      <Filter>Quellcodedateien</Filter>
    </ClCompile>
    <ClCompile Include="folder_Folder_subsystem.cxx">
      <Filter>Quellcodedateien</Filter>
    </ClCompile>
    <ClCompile Include="folder_Folder.cxx">
      <Filter>Quellcodedateien</Filter>
    </ClCompile>
    <ClCompile Include="folder_Subfolder_folder.cxx">
      <Filter>Quellcodedateien</Filter>
    </ClCompile>
    <ClCompile Include="folder_Typed_folder.cxx">
      <Filter>Quellcodedateien</Filter>
    </ClCompile>
    <ClCompile Include="folder_File_based.cxx">
      <Filter>Quellcodedateien</Filter>
    </ClCompile>
    <ClCompile Include="folder_File_based_subsystem.cxx">
      <Filter>Quellcodedateien</Filter>
    </ClCompile>
    <ClCompile Include="folder_Dependant.cxx">
      <Filter>Quellcodedateien</Filter>
    </ClCompile>
    <ClCompile Include="folder_Dependencies.cxx">
      <Filter>Quellcodedateien</Filter>
    </ClCompile>
    <ClCompile Include="folder_Base_file_info.cxx">
      <Filter>Quellcodedateien</Filter>
    </ClCompile>
    <ClCompile Include="folder_Requisite_path.cxx">
      <Filter>Quellcodedateien</Filter>
    </ClCompile>
    <ClCompile Include="jni__sos__scheduler__Folder_subsystem.cxx">
      <Filter>Quellcodedateien\Generated C++/Java-Proxies</Filter>
    </ClCompile>
    <ClCompile Include="jni__sos__scheduler__order__job_chain__Job_node.cxx">
      <Filter>Quellcodedateien\Generated C++/Java-Proxies</Filter>
    </ClCompile>
  </ItemGroup>
  <ItemGroup>
    <ClInclude Include="spooler_xslt_stylesheet.h">
      <Filter>Quellcodedateien</Filter>
    </ClInclude>
    <ClInclude Include="cluster.h">
      <Filter>Header-Dateien</Filter>
    </ClInclude>
    <ClInclude Include="database.h">
      <Filter>Header-Dateien</Filter>
    </ClInclude>
    <ClInclude Include="directory_observer.h">
      <Filter>Header-Dateien</Filter>
    </ClInclude>
    <ClInclude Include="Event_subsystem.h">
      <Filter>Header-Dateien</Filter>
    </ClInclude>
    <ClInclude Include="file_logger.h">
      <Filter>Header-Dateien</Filter>
    </ClInclude>
    <ClInclude Include="folder.h">
      <Filter>Header-Dateien</Filter>
    </ClInclude>
    <ClInclude Include="include.h">
      <Filter>Header-Dateien</Filter>
    </ClInclude>
    <ClInclude Include="java_subsystem.h">
      <Filter>Header-Dateien</Filter>
    </ClInclude>
    <ClInclude Include="lock.h">
      <Filter>Header-Dateien</Filter>
    </ClInclude>
    <ClInclude Include="Module_monitor_instances.h">
      <Filter>Header-Dateien</Filter>
    </ClInclude>
    <ClInclude Include="Order_subsystem_impl.h">
      <Filter>Header-Dateien</Filter>
    </ClInclude>
    <ClInclude Include="path.h">
      <Filter>Header-Dateien</Filter>
    </ClInclude>
    <ClInclude Include="register.h">
      <Filter>Header-Dateien</Filter>
    </ClInclude>
    <ClInclude Include="schedule.h">
      <Filter>Header-Dateien</Filter>
    </ClInclude>
    <ClInclude Include="Scheduler_event2.h">
      <Filter>Header-Dateien</Filter>
    </ClInclude>
    <ClInclude Include="scheduler_object.h">
      <Filter>Header-Dateien</Filter>
    </ClInclude>
    <ClInclude Include="scheduler_script.h">
      <Filter>Header-Dateien</Filter>
    </ClInclude>
    <ClInclude Include="spooler.h">
      <Filter>Header-Dateien</Filter>
    </ClInclude>
    <ClInclude Include="spooler_com.h">
      <Filter>Header-Dateien</Filter>
    </ClInclude>
    <ClInclude Include="spooler_command.h">
      <Filter>Header-Dateien</Filter>
    </ClInclude>
    <ClInclude Include="spooler_common.h">
      <Filter>Header-Dateien</Filter>
    </ClInclude>
    <ClInclude Include="spooler_communication.h">
      <Filter>Header-Dateien</Filter>
    </ClInclude>
    <ClInclude Include="spooler_event.h">
      <Filter>Header-Dateien</Filter>
    </ClInclude>
    <ClInclude Include="spooler_http.h">
      <Filter>Header-Dateien</Filter>
    </ClInclude>
    <ClInclude Include="spooler_job.h">
      <Filter>Header-Dateien</Filter>
    </ClInclude>
    <ClInclude Include="spooler_log.h">
      <Filter>Header-Dateien</Filter>
    </ClInclude>
    <ClInclude Include="spooler_mail.h">
      <Filter>Header-Dateien</Filter>
    </ClInclude>
    <ClInclude Include="spooler_module.h">
      <Filter>Header-Dateien</Filter>
    </ClInclude>
    <ClInclude Include="spooler_module_com.h">
      <Filter>Header-Dateien</Filter>
    </ClInclude>
    <ClInclude Include="spooler_module_internal.h">
      <Filter>Header-Dateien</Filter>
    </ClInclude>
    <ClInclude Include="spooler_module_java.h">
      <Filter>Header-Dateien</Filter>
    </ClInclude>
    <ClInclude Include="spooler_module_process.h">
      <Filter>Header-Dateien</Filter>
    </ClInclude>
    <ClInclude Include="spooler_module_remote.h">
      <Filter>Header-Dateien</Filter>
    </ClInclude>
    <ClInclude Include="spooler_module_remote_server.h">
      <Filter>Header-Dateien</Filter>
    </ClInclude>
    <ClInclude Include="spooler_module_script.h">
      <Filter>Header-Dateien</Filter>
    </ClInclude>
    <ClInclude Include="spooler_order.h">
      <Filter>Header-Dateien</Filter>
    </ClInclude>
    <ClInclude Include="spooler_order_file.h">
      <Filter>Header-Dateien</Filter>
    </ClInclude>
    <ClInclude Include="spooler_process.h">
      <Filter>Header-Dateien</Filter>
    </ClInclude>
    <ClInclude Include="spooler_security.h">
      <Filter>Header-Dateien</Filter>
    </ClInclude>
    <ClInclude Include="spooler_service.h">
      <Filter>Header-Dateien</Filter>
    </ClInclude>
    <ClInclude Include="spooler_subprocess.h">
      <Filter>Header-Dateien</Filter>
    </ClInclude>
    <ClInclude Include="spooler_task.h">
      <Filter>Header-Dateien</Filter>
    </ClInclude>
    <ClInclude Include="spooler_thread.h">
      <Filter>Header-Dateien</Filter>
    </ClInclude>
    <ClInclude Include="spooler_time.h">
      <Filter>Header-Dateien</Filter>
    </ClInclude>
    <ClInclude Include="spooler_version.h">
      <Filter>Header-Dateien</Filter>
    </ClInclude>
    <ClInclude Include="spooler_wait.h">
      <Filter>Header-Dateien</Filter>
    </ClInclude>
    <ClInclude Include="spooler_web_service.h">
      <Filter>Header-Dateien</Filter>
    </ClInclude>
    <ClInclude Include="standing_order.h">
      <Filter>Header-Dateien</Filter>
    </ClInclude>
    <ClInclude Include="subsystem.h">
      <Filter>Header-Dateien</Filter>
    </ClInclude>
    <ClInclude Include="supervisor.h">
      <Filter>Header-Dateien</Filter>
    </ClInclude>
    <ClInclude Include="supervisor_client.h">
      <Filter>Header-Dateien</Filter>
    </ClInclude>
    <ClInclude Include="xml_client_connection.h">
      <Filter>Header-Dateien</Filter>
    </ClInclude>
    <ClInclude Include="Java_thread_unlocker.h">
      <Filter>Header-Dateien</Filter>
    </ClInclude>
    <ClInclude Include="log_cache_Request.h">
      <Filter>Header-Dateien</Filter>
    </ClInclude>
    <ClInclude Include="log_cache_Request_cache.h">
      <Filter>Header-Dateien</Filter>
    </ClInclude>
  </ItemGroup>
  <ItemGroup>
    <Midl Include="spooler.odl">
      <Filter>Header-Dateien</Filter>
    </Midl>
  </ItemGroup>
  <ItemGroup>
    <ResourceCompile Include="spooler.rc">
      <Filter>Ressourcendateien</Filter>
    </ResourceCompile>
  </ItemGroup>
  <ItemGroup>
    <None Include="html\jz\browser_dependencies.js">
      <Filter>html</Filter>
    </None>
    <None Include="html\jz\details_frame.html">
      <Filter>html</Filter>
    </None>
    <None Include="html\jz\index.html">
      <Filter>html</Filter>
    </None>
    <None Include="html\jz\left_frame.html">
      <Filter>html</Filter>
    </None>
    <None Include="html\jz\popup_menu.js">
      <Filter>html</Filter>
    </None>
    <None Include="html\jz\scheduler.css">
      <Filter>html</Filter>
    </None>
    <None Include="html\jz\scheduler.js">
      <Filter>html</Filter>
    </None>
    <None Include="html\jz\scheduler.xslt">
      <Filter>html</Filter>
    </None>
    <None Include="html\jz\show_log.js">
      <Filter>html</Filter>
    </None>
    <None Include="html\jz\translation_de.js">
      <Filter>html</Filter>
    </None>
  </ItemGroup>
</Project>