<?xml version="1.0" encoding="utf-8"?>
<Project ToolsVersion="4.0" xmlns="http://schemas.microsoft.com/developer/msbuild/2003">
  <ItemGroup>
    <Filter Include="Quelldateien">
      <UniqueIdentifier>{6ec105b9-9b0d-4717-ba8b-1c912abfd1b9}</UniqueIdentifier>
      <Extensions>cpp;c;cxx;rc;def;r;odl;hpj;bat;for;f90</Extensions>
    </Filter>
  </ItemGroup>
  <ItemGroup>
    <ClCompile Include="jsapi.c">
      <Filter>Quelldateien</Filter>
    </ClCompile>
    <ClCompile Include="jsarena.c">
      <Filter>Quelldateien</Filter>
    </ClCompile>
    <ClCompile Include="jsarray.c">
      <Filter>Quelldateien</Filter>
    </ClCompile>
    <ClCompile Include="jsatom.c">
      <Filter>Quelldateien</Filter>
    </ClCompile>
    <ClCompile Include="jsbool.c">
      <Filter>Quelldateien</Filter>
    </ClCompile>
    <ClCompile Include="jscntxt.c">
      <Filter>Quelldateien</Filter>
    </ClCompile>
    <ClCompile Include="jscpucfg.c">
      <Filter>Quelldateien</Filter>
    </ClCompile>
    <ClCompile Include="jsdate.c">
      <Filter>Quelldateien</Filter>
    </ClCompile>
    <ClCompile Include="jsdbgapi.c">
      <Filter>Quelldateien</Filter>
    </ClCompile>
    <ClCompile Include="jsdhash.c">
      <Filter>Quelldateien</Filter>
    </ClCompile>
    <ClCompile Include="jsdtoa.c">
      <Filter>Quelldateien</Filter>
    </ClCompile>
    <ClCompile Include="jsemit.c">
      <Filter>Quelldateien</Filter>
    </ClCompile>
    <ClCompile Include="jsexn.c">
      <Filter>Quelldateien</Filter>
    </ClCompile>
    <ClCompile Include="jsfile.c">
      <Filter>Quelldateien</Filter>
    </ClCompile>
    <ClCompile Include="jsfun.c">
      <Filter>Quelldateien</Filter>
    </ClCompile>
    <ClCompile Include="jsgc.c">
      <Filter>Quelldateien</Filter>
    </ClCompile>
    <ClCompile Include="jshash.c">
      <Filter>Quelldateien</Filter>
    </ClCompile>
    <ClCompile Include="jsinterp.c">
      <Filter>Quelldateien</Filter>
    </ClCompile>
    <ClCompile Include="jsiter.c">
      <Filter>Quelldateien</Filter>
    </ClCompile>
    <ClCompile Include="jslock.c">
      <Filter>Quelldateien</Filter>
    </ClCompile>
    <ClCompile Include="jslog2.c">
      <Filter>Quelldateien</Filter>
    </ClCompile>
    <ClCompile Include="jslong.c">
      <Filter>Quelldateien</Filter>
    </ClCompile>
    <ClCompile Include="jsmath.c">
      <Filter>Quelldateien</Filter>
    </ClCompile>
    <ClCompile Include="jsnum.c">
      <Filter>Quelldateien</Filter>
    </ClCompile>
    <ClCompile Include="jsobj.c">
      <Filter>Quelldateien</Filter>
    </ClCompile>
    <ClCompile Include="jsopcode.c">
      <Filter>Quelldateien</Filter>
    </ClCompile>
    <ClCompile Include="jsparse.c">
      <Filter>Quelldateien</Filter>
    </ClCompile>
    <ClCompile Include="jsprf.c">
      <Filter>Quelldateien</Filter>
    </ClCompile>
    <ClCompile Include="jsregexp.c">
      <Filter>Quelldateien</Filter>
    </ClCompile>
    <ClCompile Include="jsscan.c">
      <Filter>Quelldateien</Filter>
    </ClCompile>
    <ClCompile Include="jsscope.c">
      <Filter>Quelldateien</Filter>
    </ClCompile>
    <ClCompile Include="jsscript.c">
      <Filter>Quelldateien</Filter>
    </ClCompile>
    <ClCompile Include="jsstr.c">
      <Filter>Quelldateien</Filter>
    </ClCompile>
    <ClCompile Include="jsutil.c">
      <Filter>Quelldateien</Filter>
    </ClCompile>
    <ClCompile Include="jsxdrapi.c">
      <Filter>Quelldateien</Filter>
    </ClCompile>
    <ClCompile Include="jsxml.c">
      <Filter>Quelldateien</Filter>
    </ClCompile>
    <ClCompile Include="prmjtime.c">
      <Filter>Quelldateien</Filter>
    </ClCompile>
  </ItemGroup>
</Project>